
Microsoft Visual Studio Solution File, Format Version 12.00
# Visual Studio Version 16
VisualStudioVersion = 16.0.29613.14
MinimumVisualStudioVersion = 10.0.40219.1
Project("{FAE04EC0-301F-11D3-BF4B-00C04F79EFBC}") = "DecisionTreeApp", "DecisionTreeApp\DecisionTreeApp.csproj", "{3B8C08FC-4A6D-4B4A-B72C-2277BF90CBF9}"
EndProject
Global
	GlobalSection(SolutionConfigurationPlatforms) = preSolution
		Debug|Any CPU = Debug|Any CPU
		Release|Any CPU = Release|Any CPU
	EndGlobalSection
	GlobalSection(ProjectConfigurationPlatforms) = postSolution
		{3B8C08FC-4A6D-4B4A-B72C-2277BF90CBF9}.Debug|Any CPU.ActiveCfg = Debug|Any CPU
		{3B8C08FC-4A6D-4B4A-B72C-2277BF90CBF9}.Debug|Any CPU.Build.0 = Debug|Any CPU
		{3B8C08FC-4A6D-4B4A-B72C-2277BF90CBF9}.Release|Any CPU.ActiveCfg = Release|Any CPU
		{3B8C08FC-4A6D-4B4A-B72C-2277BF90CBF9}.Release|Any CPU.Build.0 = Release|Any CPU
	EndGlobalSection
	GlobalSection(SolutionProperties) = preSolution
		HideSolutionNode = FALSE
	EndGlobalSection
	GlobalSection(ExtensibilityGlobals) = postSolution
		SolutionGuid = {F0718172-3701-4ED3-AAEE-80FCEBE0AC86}
	EndGlobalSection
EndGlobal
